# Code generated by scarb DO NOT EDIT.
version = 1

[[package]]
name = "ctboc"
version = "1.0.6"
dependencies = [
 "dojo",
]

[[package]]
name = "dojo"
version = "1.0.6"
source = "git+https://github.com/dojoengine/dojo?tag=v1.0.6#ba8ff0564e39b26ccbb81baaa843b3baf9644f24"
dependencies = [
 "dojo_plugin",
]

[[package]]
name = "dojo_plugin"
version = "2.8.4"
source = "git+https://github.com/dojoengine/dojo?tag=v1.0.6#ba8ff0564e39b26ccbb81baaa843b3baf9644f24"
